
Microsoft Visual Studio Solution File, Format Version 12.00
# Visual Studio Version 16
VisualStudioVersion = 16.0.32106.194
MinimumVisualStudioVersion = 10.0.40219.1
Project("{9A19103F-16F7-4668-BE54-9A1E7A4F7556}") = "Store_core", "Store_core\Store_core.csproj", "{0421D7DE-159D-4A96-BF1E-EC5DA3890EC6}"
	ProjectSection(ProjectDependencies) = postProject
		{8C1CCD30-03BD-48B8-9EA9-3C1DFD8A2492} = {8C1CCD30-03BD-48B8-9EA9-3C1DFD8A2492}
	EndProjectSection
EndProject
Project("{FAE04EC0-301F-11D3-BF4B-00C04F79EFBC}") = "Store.Database", "Store.Database\Store.Database.csproj", "{8C1CCD30-03BD-48B8-9EA9-3C1DFD8A2492}"
	ProjectSection(ProjectDependencies) = postProject
		{49AD5C91-D5F9-4509-B8C7-7161DED16611} = {49AD5C91-D5F9-4509-B8C7-7161DED16611}
	EndProjectSection
EndProject
Project("{FAE04EC0-301F-11D3-BF4B-00C04F79EFBC}") = "Store", "Store\Store.csproj", "{49AD5C91-D5F9-4509-B8C7-7161DED16611}"
EndProject
Global
	GlobalSection(SolutionConfigurationPlatforms) = preSolution
		Debug|Any CPU = Debug|Any CPU
		Release|Any CPU = Release|Any CPU
	EndGlobalSection
	GlobalSection(ProjectConfigurationPlatforms) = postSolution
		{0421D7DE-159D-4A96-BF1E-EC5DA3890EC6}.Debug|Any CPU.ActiveCfg = Debug|Any CPU
		{0421D7DE-159D-4A96-BF1E-EC5DA3890EC6}.Debug|Any CPU.Build.0 = Debug|Any CPU
		{0421D7DE-159D-4A96-BF1E-EC5DA3890EC6}.Release|Any CPU.ActiveCfg = Release|Any CPU
		{0421D7DE-159D-4A96-BF1E-EC5DA3890EC6}.Release|Any CPU.Build.0 = Release|Any CPU
		{8C1CCD30-03BD-48B8-9EA9-3C1DFD8A2492}.Debug|Any CPU.ActiveCfg = Debug|Any CPU
		{8C1CCD30-03BD-48B8-9EA9-3C1DFD8A2492}.Debug|Any CPU.Build.0 = Debug|Any CPU
		{8C1CCD30-03BD-48B8-9EA9-3C1DFD8A2492}.Release|Any CPU.ActiveCfg = Release|Any CPU
		{8C1CCD30-03BD-48B8-9EA9-3C1DFD8A2492}.Release|Any CPU.Build.0 = Release|Any CPU
		{49AD5C91-D5F9-4509-B8C7-7161DED16611}.Debug|Any CPU.ActiveCfg = Debug|Any CPU
		{49AD5C91-D5F9-4509-B8C7-7161DED16611}.Debug|Any CPU.Build.0 = Debug|Any CPU
		{49AD5C91-D5F9-4509-B8C7-7161DED16611}.Release|Any CPU.ActiveCfg = Release|Any CPU
		{49AD5C91-D5F9-4509-B8C7-7161DED16611}.Release|Any CPU.Build.0 = Release|Any CPU
	EndGlobalSection
	GlobalSection(SolutionProperties) = preSolution
		HideSolutionNode = FALSE
	EndGlobalSection
	GlobalSection(ExtensibilityGlobals) = postSolution
		SolutionGuid = {C36EB9D5-CB12-4BD0-A127-0FDD978F96AF}
	EndGlobalSection
EndGlobal
